
Microsoft Visual Studio Solution File, Format Version 12.00
# Visual Studio Version 17
VisualStudioVersion = 17.4.33015.44
MinimumVisualStudioVersion = 10.0.40219.1
Project("{9A19103F-16F7-4668-BE54-9A1E7A4F7556}") = "FinancialManager", "FinancialManager\FinancialManager.csproj", "{EF54667E-662B-4013-8E06-AACB76ABAC0E}"
EndProject
Project("{9A19103F-16F7-4668-BE54-9A1E7A4F7556}") = "FinancialManagerTest", "FinancialManagerTest\FinancialManagerTest.csproj", "{623FD5DB-089F-467A-A128-AB9AB8B23814}"
EndProject
Project("{9A19103F-16F7-4668-BE54-9A1E7A4F7556}") = "Frontend", "Frontend\Frontend.csproj", "{95211B85-A50E-4452-87EA-6F09777EEDA0}"
EndProject
Project("{FAE04EC0-301F-11D3-BF4B-00C04F79EFBC}") = "Shared", "Shared\Shared.csproj", "{EA85C9AA-DA62-4D85-934D-7CCE3C32D249}"
EndProject
Global
	GlobalSection(SolutionConfigurationPlatforms) = preSolution
		Debug|Any CPU = Debug|Any CPU
		Release|Any CPU = Release|Any CPU
	EndGlobalSection
	GlobalSection(ProjectConfigurationPlatforms) = postSolution
		{EF54667E-662B-4013-8E06-AACB76ABAC0E}.Debug|Any CPU.ActiveCfg = Debug|Any CPU
		{EF54667E-662B-4013-8E06-AACB76ABAC0E}.Debug|Any CPU.Build.0 = Debug|Any CPU
		{EF54667E-662B-4013-8E06-AACB76ABAC0E}.Release|Any CPU.ActiveCfg = Release|Any CPU
		{EF54667E-662B-4013-8E06-AACB76ABAC0E}.Release|Any CPU.Build.0 = Release|Any CPU
		{623FD5DB-089F-467A-A128-AB9AB8B23814}.Debug|Any CPU.ActiveCfg = Debug|Any CPU
		{623FD5DB-089F-467A-A128-AB9AB8B23814}.Debug|Any CPU.Build.0 = Debug|Any CPU
		{623FD5DB-089F-467A-A128-AB9AB8B23814}.Release|Any CPU.ActiveCfg = Release|Any CPU
		{623FD5DB-089F-467A-A128-AB9AB8B23814}.Release|Any CPU.Build.0 = Release|Any CPU
		{95211B85-A50E-4452-87EA-6F09777EEDA0}.Debug|Any CPU.ActiveCfg = Debug|Any CPU
		{95211B85-A50E-4452-87EA-6F09777EEDA0}.Debug|Any CPU.Build.0 = Debug|Any CPU
		{95211B85-A50E-4452-87EA-6F09777EEDA0}.Release|Any CPU.ActiveCfg = Release|Any CPU
		{95211B85-A50E-4452-87EA-6F09777EEDA0}.Release|Any CPU.Build.0 = Release|Any CPU
		{EA85C9AA-DA62-4D85-934D-7CCE3C32D249}.Debug|Any CPU.ActiveCfg = Debug|Any CPU
		{EA85C9AA-DA62-4D85-934D-7CCE3C32D249}.Debug|Any CPU.Build.0 = Debug|Any CPU
		{EA85C9AA-DA62-4D85-934D-7CCE3C32D249}.Release|Any CPU.ActiveCfg = Release|Any CPU
		{EA85C9AA-DA62-4D85-934D-7CCE3C32D249}.Release|Any CPU.Build.0 = Release|Any CPU
	EndGlobalSection
	GlobalSection(SolutionProperties) = preSolution
		HideSolutionNode = FALSE
	EndGlobalSection
	GlobalSection(ExtensibilityGlobals) = postSolution
		SolutionGuid = {61F59631-EDD2-4ABA-A725-D54EAC32256C}
	EndGlobalSection
EndGlobal
