Microsoft Visual Studio Solution File, Format Version 12.00
# Visual Studio Version 17
VisualStudioVersion = 17.4.33015.44
MinimumVisualStudioVersion = 10.0.40219.1
Project("{9A19103F-16F7-4668-BE54-9A1E7A4F7556}") = "FinancialManager.Infrastructure", "src\FinancialManager.Infrastructure\FinancialManager.Infrastructure.csproj", "{E48A20F8-9D3A-4349-A5B9-431C80CB395A}"
EndProject
Project("{9A19103F-16F7-4668-BE54-9A1E7A4F7556}") = "FinancialManager.Shared", "src\FinancialManager.Shared\FinancialManager.Shared.csproj", "{FD76C847-2022-4AB8-8029-498E63C9CD30}"
EndProject
Project("{9A19103F-16F7-4668-BE54-9A1E7A4F7556}") = "FinancialManager.Domain", "src\FinancialManager.Domain\FinancialManager.Domain.csproj", "{4245D6B8-3C6E-41D6-917A-011BB6A81A70}"
EndProject
Project("{2150E333-8FDC-42A3-9474-1A3956D46DE8}") = "tests", "tests", "{B5A294EA-9AB5-4436-AB6C-90763B9CDB2B}"
EndProject
Project("{9A19103F-16F7-4668-BE54-9A1E7A4F7556}") = "FinancialManager.Tests.Unit", "tests\FinancialManager.Tests.Unit\FinancialManager.Tests.Unit.csproj", "{58FF60B6-7C2B-448F-8CC3-7E3529FC9E5C}"
EndProject
Project("{9A19103F-16F7-4668-BE54-9A1E7A4F7556}") = "FinancialManager.Frontend", "src\FinancialManager.Frontend\FinancialManager.Frontend.csproj", "{765316AD-8EF9-4DCC-8B69-9221ADC5C136}"
EndProject
Project("{9A19103F-16F7-4668-BE54-9A1E7A4F7556}") = "FinancialManager.Tests.Shared", "tests\FinancialManager.Tests.Shared\FinancialManager.Tests.Shared.csproj", "{5DA4387A-DBFD-4533-A3CC-32EA703C81C6}"
EndProject
Project("{9A19103F-16F7-4668-BE54-9A1E7A4F7556}") = "FinancialManager.Tests.Integration", "tests\FinancialManager.Tests.Integration\FinancialManager.Tests.Integration.csproj", "{38A6485D-4309-43D7-BA3D-92A8DAF73886}"
EndProject
Project("{FAE04EC0-301F-11D3-BF4B-00C04F79EFBC}") = "FinancialManager.Api", "src\FinancialManager.Api\FinancialManager.Api.csproj", "{913C741D-B67B-449D-9476-0799655F61D9}"
EndProject
Global
	GlobalSection(SolutionConfigurationPlatforms) = preSolution
		Debug|Any CPU = Debug|Any CPU
		Release|Any CPU = Release|Any CPU
	EndGlobalSection
	GlobalSection(ProjectConfigurationPlatforms) = postSolution
		{E48A20F8-9D3A-4349-A5B9-431C80CB395A}.Debug|Any CPU.ActiveCfg = Debug|Any CPU
		{E48A20F8-9D3A-4349-A5B9-431C80CB395A}.Debug|Any CPU.Build.0 = Debug|Any CPU
		{E48A20F8-9D3A-4349-A5B9-431C80CB395A}.Release|Any CPU.ActiveCfg = Release|Any CPU
		{E48A20F8-9D3A-4349-A5B9-431C80CB395A}.Release|Any CPU.Build.0 = Release|Any CPU
		{FD76C847-2022-4AB8-8029-498E63C9CD30}.Debug|Any CPU.ActiveCfg = Debug|Any CPU
		{FD76C847-2022-4AB8-8029-498E63C9CD30}.Debug|Any CPU.Build.0 = Debug|Any CPU
		{FD76C847-2022-4AB8-8029-498E63C9CD30}.Release|Any CPU.ActiveCfg = Release|Any CPU
		{FD76C847-2022-4AB8-8029-498E63C9CD30}.Release|Any CPU.Build.0 = Release|Any CPU
		{4245D6B8-3C6E-41D6-917A-011BB6A81A70}.Debug|Any CPU.ActiveCfg = Debug|Any CPU
		{4245D6B8-3C6E-41D6-917A-011BB6A81A70}.Debug|Any CPU.Build.0 = Debug|Any CPU
		{4245D6B8-3C6E-41D6-917A-011BB6A81A70}.Release|Any CPU.ActiveCfg = Release|Any CPU
		{4245D6B8-3C6E-41D6-917A-011BB6A81A70}.Release|Any CPU.Build.0 = Release|Any CPU
		{58FF60B6-7C2B-448F-8CC3-7E3529FC9E5C}.Debug|Any CPU.ActiveCfg = Debug|Any CPU
		{58FF60B6-7C2B-448F-8CC3-7E3529FC9E5C}.Debug|Any CPU.Build.0 = Debug|Any CPU
		{58FF60B6-7C2B-448F-8CC3-7E3529FC9E5C}.Release|Any CPU.ActiveCfg = Release|Any CPU
		{58FF60B6-7C2B-448F-8CC3-7E3529FC9E5C}.Release|Any CPU.Build.0 = Release|Any CPU
		{765316AD-8EF9-4DCC-8B69-9221ADC5C136}.Debug|Any CPU.ActiveCfg = Debug|Any CPU
		{765316AD-8EF9-4DCC-8B69-9221ADC5C136}.Debug|Any CPU.Build.0 = Debug|Any CPU
		{765316AD-8EF9-4DCC-8B69-9221ADC5C136}.Release|Any CPU.ActiveCfg = Release|Any CPU
		{765316AD-8EF9-4DCC-8B69-9221ADC5C136}.Release|Any CPU.Build.0 = Release|Any CPU
		{5DA4387A-DBFD-4533-A3CC-32EA703C81C6}.Debug|Any CPU.ActiveCfg = Debug|Any CPU
		{5DA4387A-DBFD-4533-A3CC-32EA703C81C6}.Debug|Any CPU.Build.0 = Debug|Any CPU
		{5DA4387A-DBFD-4533-A3CC-32EA703C81C6}.Release|Any CPU.ActiveCfg = Release|Any CPU
		{5DA4387A-DBFD-4533-A3CC-32EA703C81C6}.Release|Any CPU.Build.0 = Release|Any CPU
		{38A6485D-4309-43D7-BA3D-92A8DAF73886}.Debug|Any CPU.ActiveCfg = Debug|Any CPU
		{38A6485D-4309-43D7-BA3D-92A8DAF73886}.Debug|Any CPU.Build.0 = Debug|Any CPU
		{38A6485D-4309-43D7-BA3D-92A8DAF73886}.Release|Any CPU.ActiveCfg = Release|Any CPU
		{38A6485D-4309-43D7-BA3D-92A8DAF73886}.Release|Any CPU.Build.0 = Release|Any CPU
		{913C741D-B67B-449D-9476-0799655F61D9}.Debug|Any CPU.ActiveCfg = Debug|Any CPU
		{913C741D-B67B-449D-9476-0799655F61D9}.Debug|Any CPU.Build.0 = Debug|Any CPU
		{913C741D-B67B-449D-9476-0799655F61D9}.Release|Any CPU.ActiveCfg = Release|Any CPU
		{913C741D-B67B-449D-9476-0799655F61D9}.Release|Any CPU.Build.0 = Release|Any CPU
	EndGlobalSection
	GlobalSection(SolutionProperties) = preSolution
		HideSolutionNode = FALSE
	EndGlobalSection
	GlobalSection(NestedProjects) = preSolution
		{58FF60B6-7C2B-448F-8CC3-7E3529FC9E5C} = {B5A294EA-9AB5-4436-AB6C-90763B9CDB2B}
		{5DA4387A-DBFD-4533-A3CC-32EA703C81C6} = {B5A294EA-9AB5-4436-AB6C-90763B9CDB2B}
		{38A6485D-4309-43D7-BA3D-92A8DAF73886} = {B5A294EA-9AB5-4436-AB6C-90763B9CDB2B}
	EndGlobalSection
	GlobalSection(ExtensibilityGlobals) = postSolution
		SolutionGuid = {61F59631-EDD2-4ABA-A725-D54EAC32256C}
	EndGlobalSection
EndGlobal
